{
  "version": 4,
  "terraform_version": "1.11.3",
  "serial": 266,
  "lineage": "ce602ebd-fdb2-0cab-3160-35110092a816",
  "outputs": {},
  "resources": [
    {
      "mode": "managed",
      "type": "aws_autoscaling_group",
      "name": "node_as",
      "provider": "provider[\"registry.terraform.io/hashicorp/aws\"]",
      "instances": [
        {
          "schema_version": 1,
          "attributes": {
            "arn": "arn:aws:autoscaling:us-east-1:481824205154:autoScalingGroup:35766ace-cded-4b40-8650-9ad80251ebfd:autoScalingGroupName/terraform-20250614142305926100000004",
            "availability_zone_distribution": [
              {
                "capacity_distribution_strategy": "balanced-best-effort"
              }
            ],
            "availability_zones": [
              "us-east-1a",
              "us-east-1b"
            ],
            "capacity_rebalance": false,
            "capacity_reservation_specification": [
              {
                "capacity_reservation_preference": "default",
                "capacity_reservation_target": []
              }
            ],
            "context": "",
            "default_cooldown": 300,
            "default_instance_warmup": 0,
            "desired_capacity": 2,
            "desired_capacity_type": "",
            "enabled_metrics": [],
            "force_delete": false,
            "force_delete_warm_pool": false,
            "health_check_grace_period": 300,
            "health_check_type": "EC2",
            "id": "terraform-20250614142305926100000004",
            "ignore_failed_scaling_activities": false,
            "initial_lifecycle_hook": [],
            "instance_maintenance_policy": [],
            "instance_refresh": [],
            "launch_configuration": "",
            "launch_template": [
              {
                "id": "lt-03a042c4717f37cac",
                "name": "node20250614142259276200000002",
                "version": "$Latest"
              }
            ],
            "load_balancers": [],
            "max_instance_lifetime": 0,
            "max_size": 2,
            "metrics_granularity": "1Minute",
            "min_elb_capacity": null,
            "min_size": 1,
            "mixed_instances_policy": [],
            "name": "terraform-20250614142305926100000004",
            "name_prefix": "terraform-",
            "placement_group": "",
            "predicted_capacity": 0,
            "protect_from_scale_in": false,
            "service_linked_role_arn": "arn:aws:iam::481824205154:role/aws-service-role/autoscaling.amazonaws.com/AWSServiceRoleForAutoScaling",
            "suspended_processes": [],
            "tag": [],
            "target_group_arns": [],
            "termination_policies": [],
            "timeouts": null,
            "traffic_source": [],
            "vpc_zone_identifier": [
              "subnet-0712d5f494b343175",
              "subnet-07e97c65d00afd220"
            ],
            "wait_for_capacity_timeout": "10m",
            "wait_for_elb_capacity": null,
            "warm_pool": [],
            "warm_pool_size": 0
          },
          "sensitive_attributes": [],
          "private": "eyJlMmJmYjczMC1lY2FhLTExZTYtOGY4OC0zNDM2M2JjN2M0YzAiOnsiZGVsZXRlIjo2MDAwMDAwMDAwMDAsInVwZGF0ZSI6NjAwMDAwMDAwMDAwfSwic2NoZW1hX3ZlcnNpb24iOiIxIn0=",
          "dependencies": [
            "aws_key_pair.generated_key",
            "aws_launch_template.node",
            "aws_security_group.bastion_server_sg",
            "aws_security_group.node_sg",
            "aws_subnet.private_subnet_1",
            "aws_subnet.private_subnet_2",
            "aws_vpc.zomato_vpc",
            "tls_private_key.ssh_key"
          ]
        }
      ]
    },
    {
      "mode": "managed",
      "type": "aws_instance",
      "name": "bastion",
      "provider": "provider[\"registry.terraform.io/hashicorp/aws\"]",
      "instances": [
        {
          "schema_version": 1,
          "attributes": {
            "ami": "ami-09e6f87a47903347c",
            "arn": "arn:aws:ec2:us-east-1:481824205154:instance/i-0f87b67381edab5dc",
            "associate_public_ip_address": true,
            "availability_zone": "us-east-1a",
            "capacity_reservation_specification": [
              {
                "capacity_reservation_preference": "open",
                "capacity_reservation_target": []
              }
            ],
            "cpu_core_count": 1,
            "cpu_options": [
              {
                "amd_sev_snp": "",
                "core_count": 1,
                "threads_per_core": 2
              }
            ],
            "cpu_threads_per_core": 2,
            "credit_specification": [
              {
                "cpu_credits": "unlimited"
              }
            ],
            "disable_api_stop": false,
            "disable_api_termination": false,
            "ebs_block_device": [],
            "ebs_optimized": false,
            "enable_primary_ipv6": null,
            "enclave_options": [
              {
                "enabled": false
              }
            ],
            "ephemeral_block_device": [],
            "get_password_data": false,
            "hibernation": false,
            "host_id": "",
            "host_resource_group_arn": null,
            "iam_instance_profile": "",
            "id": "i-0f87b67381edab5dc",
            "instance_initiated_shutdown_behavior": "stop",
            "instance_lifecycle": "",
            "instance_market_options": [],
            "instance_state": "running",
            "instance_type": "t3.medium",
            "ipv6_address_count": 0,
            "ipv6_addresses": [],
            "key_name": "terraform-generated-key",
            "launch_template": [],
            "maintenance_options": [
              {
                "auto_recovery": "default"
              }
            ],
            "metadata_options": [
              {
                "http_endpoint": "enabled",
                "http_protocol_ipv6": "disabled",
                "http_put_response_hop_limit": 2,
                "http_tokens": "required",
                "instance_metadata_tags": "disabled"
              }
            ],
            "monitoring": false,
            "network_interface": [],
            "outpost_arn": "",
            "password_data": "",
            "placement_group": "",
            "placement_partition_number": 0,
            "primary_network_interface_id": "eni-0bdae3f0fba397708",
            "private_dns": "ip-10-0-10-148.ec2.internal",
            "private_dns_name_options": [
              {
                "enable_resource_name_dns_a_record": false,
                "enable_resource_name_dns_aaaa_record": false,
                "hostname_type": "ip-name"
              }
            ],
            "private_ip": "10.0.10.148",
            "public_dns": "",
            "public_ip": "3.236.167.114",
            "root_block_device": [
              {
                "delete_on_termination": true,
                "device_name": "/dev/xvda",
                "encrypted": false,
                "iops": 3000,
                "kms_key_id": "",
                "tags": {},
                "tags_all": {},
                "throughput": 125,
                "volume_id": "vol-017cb11911c980f6b",
                "volume_size": 8,
                "volume_type": "gp3"
              }
            ],
            "secondary_private_ips": [],
            "security_groups": [],
            "source_dest_check": true,
            "spot_instance_request_id": "",
            "subnet_id": "subnet-0dd45d35da9a67ba4",
            "tags": {
              "Name": "Bastion Server"
            },
            "tags_all": {
              "Name": "Bastion Server"
            },
            "tenancy": "default",
            "timeouts": null,
            "user_data": null,
            "user_data_base64": null,
            "user_data_replace_on_change": false,
            "volume_tags": null,
            "vpc_security_group_ids": [
              "sg-0e544ce77dc005057"
            ]
          },
          "sensitive_attributes": [],
          "private": "eyJlMmJmYjczMC1lY2FhLTExZTYtOGY4OC0zNDM2M2JjN2M0YzAiOnsiY3JlYXRlIjo2MDAwMDAwMDAwMDAsImRlbGV0ZSI6MTIwMDAwMDAwMDAwMCwicmVhZCI6OTAwMDAwMDAwMDAwLCJ1cGRhdGUiOjYwMDAwMDAwMDAwMH0sInNjaGVtYV92ZXJzaW9uIjoiMSJ9",
          "dependencies": [
            "aws_key_pair.generated_key",
            "aws_security_group.bastion_server_sg",
            "aws_subnet.public_subnet_1",
            "aws_vpc.zomato_vpc",
            "tls_private_key.ssh_key"
          ]
        }
      ]
    },
    {
      "mode": "managed",
      "type": "aws_internet_gateway",
      "name": "gw",
      "provider": "provider[\"registry.terraform.io/hashicorp/aws\"]",
      "instances": [
        {
          "schema_version": 0,
          "attributes": {
            "arn": "arn:aws:ec2:us-east-1:481824205154:internet-gateway/igw-066bd0c3dc492a359",
            "id": "igw-066bd0c3dc492a359",
            "owner_id": "481824205154",
            "tags": {
              "Name": "Internet Gateway"
            },
            "tags_all": {
              "Name": "Internet Gateway"
            },
            "timeouts": null,
            "vpc_id": "vpc-0c76d7e415c95a409"
          },
          "sensitive_attributes": [],
          "private": "eyJlMmJmYjczMC1lY2FhLTExZTYtOGY4OC0zNDM2M2JjN2M0YzAiOnsiY3JlYXRlIjoxMjAwMDAwMDAwMDAwLCJkZWxldGUiOjEyMDAwMDAwMDAwMDAsInVwZGF0ZSI6MTIwMDAwMDAwMDAwMH19",
          "dependencies": [
            "aws_vpc.zomato_vpc"
          ]
        }
      ]
    },
    {
      "mode": "managed",
      "type": "aws_key_pair",
      "name": "generated_key",
      "provider": "provider[\"registry.terraform.io/hashicorp/aws\"]",
      "instances": [
        {
          "schema_version": 1,
          "attributes": {
            "arn": "arn:aws:ec2:us-east-1:481824205154:key-pair/terraform-generated-key",
            "fingerprint": "09:cc:b4:39:cc:94:1f:34:bc:5e:df:1f:4b:ad:07:ec",
            "id": "terraform-generated-key",
            "key_name": "terraform-generated-key",
            "key_name_prefix": "",
            "key_pair_id": "key-0961eb19ca1122d32",
            "key_type": "rsa",
            "public_key": "ssh-rsa AAAAB3NzaC1yc2EAAAADAQABAAACAQDT84m0TwAUgT8ga8o1zh3Nj5CwU1yDEgvlXzw6YqAJ2MwQuUUqxpZHU1l//bSI67x+Uv4T+vSfUHU+OzEsJvr/GBBbLiQxxuCyPZD2r7xzFzddsFUIjVKFW7Ep15rfgmDs1C0BZt21so6DJZiroWy6DpO9lltrqXVTiymV0twTrIj5kJIhpd83RsdsgI+3OXUx+AYz+qBd8Yxr8n2eaIb9oii/l1XP1MjsIbBGURf+m9JTrgyZImi/Q91140k3AXqVSQBBmeRIAZ5zG1CXJr9QT0Ms8Cwo6Hv5UAcbgmO+NbHyK9dcy7N4651XFf2jWjaZtDG0HjMCkrHMWeDZZWIrA+jKnGaZB0D+JRF18i9mQd+GxriaBF11XRSqcOg4j2MP/0ZBRmjXoTtOznb9sGXBJDEaew4Ix2uTBRtwxQrm/MCNQx6i3V4ILRKAK8MFbUWum9zkMnlNYj2CB0jiFTSLDG8wRsjgdgjj527lIUnh/M0Z1NGkmMrs4MIWWN0Zxhv4OC/ft/W8FoyA/VqwDg7nBDulcpxSp+n346JfixKVXDAZGBK1vvCMV0h5L1ME9i+EXnTbcz1GVx+mGtQ7SuZvgJi8G6gI+UAVIvThAjWio3j8zBhBLvUKWQhLPxhzT0sfaE99/ehlqn1F7ApisWWnU5YtNQUGTnG9ovYa9zMFtQ==",
            "tags": {},
            "tags_all": {}
          },
          "sensitive_attributes": [],
          "private": "eyJzY2hlbWFfdmVyc2lvbiI6IjEifQ==",
          "dependencies": [
            "tls_private_key.ssh_key"
          ]
        }
      ]
    },
    {
      "mode": "managed",
      "type": "aws_launch_template",
      "name": "node",
      "provider": "provider[\"registry.terraform.io/hashicorp/aws\"]",
      "instances": [
        {
          "schema_version": 0,
          "attributes": {
            "arn": "arn:aws:ec2:us-east-1:481824205154:launch-template/lt-03a042c4717f37cac",
            "block_device_mappings": [],
            "capacity_reservation_specification": [],
            "cpu_options": [],
            "credit_specification": [],
            "default_version": 1,
            "description": "",
            "disable_api_stop": false,
            "disable_api_termination": false,
            "ebs_optimized": "",
            "elastic_gpu_specifications": [],
            "elastic_inference_accelerator": [],
            "enclave_options": [],
            "hibernation_options": [],
            "iam_instance_profile": [],
            "id": "lt-03a042c4717f37cac",
            "image_id": "ami-09e6f87a47903347c",
            "instance_initiated_shutdown_behavior": "",
            "instance_market_options": [],
            "instance_requirements": [],
            "instance_type": "t3.medium",
            "kernel_id": "",
            "key_name": "terraform-generated-key",
            "latest_version": 1,
            "license_specification": [],
            "maintenance_options": [],
            "metadata_options": [],
            "monitoring": [],
            "name": "node20250614142259276200000002",
            "name_prefix": "node",
            "network_interfaces": [],
            "placement": [],
            "private_dns_name_options": [],
            "ram_disk_id": "",
            "security_group_names": [],
            "tag_specifications": [],
            "tags": {
              "Name": "Node"
            },
            "tags_all": {
              "Name": "Node"
            },
            "update_default_version": null,
            "user_data": "",
            "vpc_security_group_ids": [
              "sg-04926671c26d1b1ac"
            ]
          },
          "sensitive_attributes": [],
          "private": "bnVsbA==",
          "dependencies": [
            "aws_key_pair.generated_key",
            "aws_security_group.bastion_server_sg",
            "aws_security_group.node_sg",
            "aws_vpc.zomato_vpc",
            "tls_private_key.ssh_key"
          ]
        }
      ]
    },
    {
      "mode": "managed",
      "type": "aws_route_table",
      "name": "public_rt",
      "provider": "provider[\"registry.terraform.io/hashicorp/aws\"]",
      "instances": [
        {
          "schema_version": 0,
          "attributes": {
            "arn": "arn:aws:ec2:us-east-1:481824205154:route-table/rtb-0a08d5466e8e93bcd",
            "id": "rtb-0a08d5466e8e93bcd",
            "owner_id": "481824205154",
            "propagating_vgws": [],
            "route": [
              {
                "carrier_gateway_id": "",
                "cidr_block": "0.0.0.0/0",
                "core_network_arn": "",
                "destination_prefix_list_id": "",
                "egress_only_gateway_id": "",
                "gateway_id": "igw-066bd0c3dc492a359",
                "ipv6_cidr_block": "",
                "local_gateway_id": "",
                "nat_gateway_id": "",
                "network_interface_id": "",
                "transit_gateway_id": "",
                "vpc_endpoint_id": "",
                "vpc_peering_connection_id": ""
              }
            ],
            "tags": {},
            "tags_all": {},
            "timeouts": null,
            "vpc_id": "vpc-0c76d7e415c95a409"
          },
          "sensitive_attributes": [],
          "private": "eyJlMmJmYjczMC1lY2FhLTExZTYtOGY4OC0zNDM2M2JjN2M0YzAiOnsiY3JlYXRlIjozMDAwMDAwMDAwMDAsImRlbGV0ZSI6MzAwMDAwMDAwMDAwLCJ1cGRhdGUiOjEyMDAwMDAwMDAwMH19",
          "dependencies": [
            "aws_internet_gateway.gw",
            "aws_vpc.zomato_vpc"
          ]
        }
      ]
    },
    {
      "mode": "managed",
      "type": "aws_route_table_association",
      "name": "public_subnet_1_association",
      "provider": "provider[\"registry.terraform.io/hashicorp/aws\"]",
      "instances": [
        {
          "schema_version": 0,
          "attributes": {
            "gateway_id": "",
            "id": "rtbassoc-09832cc9429d8f317",
            "route_table_id": "rtb-0a08d5466e8e93bcd",
            "subnet_id": "subnet-0dd45d35da9a67ba4",
            "timeouts": null
          },
          "sensitive_attributes": [],
          "private": "eyJlMmJmYjczMC1lY2FhLTExZTYtOGY4OC0zNDM2M2JjN2M0YzAiOnsiY3JlYXRlIjozMDAwMDAwMDAwMDAsImRlbGV0ZSI6MzAwMDAwMDAwMDAwLCJ1cGRhdGUiOjEyMDAwMDAwMDAwMH19",
          "dependencies": [
            "aws_internet_gateway.gw",
            "aws_route_table.public_rt",
            "aws_subnet.public_subnet_1",
            "aws_vpc.zomato_vpc"
          ]
        }
      ]
    },
    {
      "mode": "managed",
      "type": "aws_route_table_association",
      "name": "public_subnet_2_association",
      "provider": "provider[\"registry.terraform.io/hashicorp/aws\"]",
      "instances": [
        {
          "schema_version": 0,
          "attributes": {
            "gateway_id": "",
            "id": "rtbassoc-03786a3adc34579b6",
            "route_table_id": "rtb-0a08d5466e8e93bcd",
            "subnet_id": "subnet-089db81e34e2d62f0",
            "timeouts": null
          },
          "sensitive_attributes": [],
          "private": "eyJlMmJmYjczMC1lY2FhLTExZTYtOGY4OC0zNDM2M2JjN2M0YzAiOnsiY3JlYXRlIjozMDAwMDAwMDAwMDAsImRlbGV0ZSI6MzAwMDAwMDAwMDAwLCJ1cGRhdGUiOjEyMDAwMDAwMDAwMH19",
          "dependencies": [
            "aws_internet_gateway.gw",
            "aws_route_table.public_rt",
            "aws_subnet.public_subnet_2",
            "aws_vpc.zomato_vpc"
          ]
        }
      ]
    },
    {
      "mode": "managed",
      "type": "aws_security_group",
      "name": "bastion_server_sg",
      "provider": "provider[\"registry.terraform.io/hashicorp/aws\"]",
      "instances": [
        {
          "schema_version": 1,
          "attributes": {
            "arn": "arn:aws:ec2:us-east-1:481824205154:security-group/sg-0e544ce77dc005057",
            "description": "Allow HTTP, SSH, 8080/tcp, 9000/tcp and 8081/tcp inbound traffic and all outbound traffic",
            "egress": [
              {
                "cidr_blocks": [
                  "0.0.0.0/0"
                ],
                "description": "",
                "from_port": 0,
                "ipv6_cidr_blocks": [],
                "prefix_list_ids": [],
                "protocol": "-1",
                "security_groups": [],
                "self": false,
                "to_port": 0
              }
            ],
            "id": "sg-0e544ce77dc005057",
            "ingress": [
              {
                "cidr_blocks": [
                  "0.0.0.0/0"
                ],
                "description": "",
                "from_port": 22,
                "ipv6_cidr_blocks": [],
                "prefix_list_ids": [],
                "protocol": "tcp",
                "security_groups": [],
                "self": false,
                "to_port": 22
              },
              {
                "cidr_blocks": [
                  "0.0.0.0/0"
                ],
                "description": "Jenkins Port",
                "from_port": 8080,
                "ipv6_cidr_blocks": [],
                "prefix_list_ids": [],
                "protocol": "tcp",
                "security_groups": [],
                "self": false,
                "to_port": 8080
              },
              {
                "cidr_blocks": [
                  "0.0.0.0/0"
                ],
                "description": "Nexus Port",
                "from_port": 8081,
                "ipv6_cidr_blocks": [],
                "prefix_list_ids": [],
                "protocol": "tcp",
                "security_groups": [],
                "self": false,
                "to_port": 8081
              },
              {
                "cidr_blocks": [
                  "0.0.0.0/0"
                ],
                "description": "SonarQube Port",
                "from_port": 9000,
                "ipv6_cidr_blocks": [],
                "prefix_list_ids": [],
                "protocol": "tcp",
                "security_groups": [],
                "self": false,
                "to_port": 9000
              }
            ],
            "name": "bastion-server-sg",
            "name_prefix": "",
            "owner_id": "481824205154",
            "revoke_rules_on_delete": false,
            "tags": {
              "Name": "Bastion Server SG"
            },
            "tags_all": {
              "Name": "Bastion Server SG"
            },
            "timeouts": null,
            "vpc_id": "vpc-0c76d7e415c95a409"
          },
          "sensitive_attributes": [],
          "private": "eyJlMmJmYjczMC1lY2FhLTExZTYtOGY4OC0zNDM2M2JjN2M0YzAiOnsiY3JlYXRlIjo2MDAwMDAwMDAwMDAsImRlbGV0ZSI6OTAwMDAwMDAwMDAwfSwic2NoZW1hX3ZlcnNpb24iOiIxIn0=",
          "dependencies": [
            "aws_vpc.zomato_vpc"
          ]
        }
      ]
    },
    {
      "mode": "managed",
      "type": "aws_security_group",
      "name": "node_sg",
      "provider": "provider[\"registry.terraform.io/hashicorp/aws\"]",
      "instances": [
        {
          "schema_version": 1,
          "attributes": {
            "arn": "arn:aws:ec2:us-east-1:481824205154:security-group/sg-04926671c26d1b1ac",
            "description": "Allow all inbound traffic from the bastion-sg and allow all the outbound traffic",
            "egress": [
              {
                "cidr_blocks": [
                  "0.0.0.0/0"
                ],
                "description": "",
                "from_port": 0,
                "ipv6_cidr_blocks": [],
                "prefix_list_ids": [],
                "protocol": "-1",
                "security_groups": [],
                "self": false,
                "to_port": 0
              }
            ],
            "id": "sg-04926671c26d1b1ac",
            "ingress": [
              {
                "cidr_blocks": [],
                "description": "",
                "from_port": 0,
                "ipv6_cidr_blocks": [],
                "prefix_list_ids": [],
                "protocol": "-1",
                "security_groups": [
                  "sg-0e544ce77dc005057"
                ],
                "self": false,
                "to_port": 0
              }
            ],
            "name": "node-sg",
            "name_prefix": "",
            "owner_id": "481824205154",
            "revoke_rules_on_delete": false,
            "tags": {
              "Name": "Node SG"
            },
            "tags_all": {
              "Name": "Node SG"
            },
            "timeouts": null,
            "vpc_id": "vpc-0c76d7e415c95a409"
          },
          "sensitive_attributes": [],
          "private": "eyJlMmJmYjczMC1lY2FhLTExZTYtOGY4OC0zNDM2M2JjN2M0YzAiOnsiY3JlYXRlIjo2MDAwMDAwMDAwMDAsImRlbGV0ZSI6OTAwMDAwMDAwMDAwfSwic2NoZW1hX3ZlcnNpb24iOiIxIn0=",
          "dependencies": [
            "aws_security_group.bastion_server_sg",
            "aws_vpc.zomato_vpc"
          ]
        }
      ]
    },
    {
      "mode": "managed",
      "type": "aws_subnet",
      "name": "private_subnet_1",
      "provider": "provider[\"registry.terraform.io/hashicorp/aws\"]",
      "instances": [
        {
          "schema_version": 1,
          "attributes": {
            "arn": "arn:aws:ec2:us-east-1:481824205154:subnet/subnet-0712d5f494b343175",
            "assign_ipv6_address_on_creation": false,
            "availability_zone": "us-east-1a",
            "availability_zone_id": "use1-az1",
            "cidr_block": "10.0.30.0/24",
            "customer_owned_ipv4_pool": "",
            "enable_dns64": false,
            "enable_lni_at_device_index": 0,
            "enable_resource_name_dns_a_record_on_launch": false,
            "enable_resource_name_dns_aaaa_record_on_launch": false,
            "id": "subnet-0712d5f494b343175",
            "ipv6_cidr_block": "",
            "ipv6_cidr_block_association_id": "",
            "ipv6_native": false,
            "map_customer_owned_ip_on_launch": false,
            "map_public_ip_on_launch": false,
            "outpost_arn": "",
            "owner_id": "481824205154",
            "private_dns_hostname_type_on_launch": "ip-name",
            "tags": {
              "Name": "Private Subnet 1"
            },
            "tags_all": {
              "Name": "Private Subnet 1"
            },
            "timeouts": null,
            "vpc_id": "vpc-0c76d7e415c95a409"
          },
          "sensitive_attributes": [],
          "private": "eyJlMmJmYjczMC1lY2FhLTExZTYtOGY4OC0zNDM2M2JjN2M0YzAiOnsiY3JlYXRlIjo2MDAwMDAwMDAwMDAsImRlbGV0ZSI6MTIwMDAwMDAwMDAwMH0sInNjaGVtYV92ZXJzaW9uIjoiMSJ9",
          "dependencies": [
            "aws_vpc.zomato_vpc"
          ]
        }
      ]
    },
    {
      "mode": "managed",
      "type": "aws_subnet",
      "name": "private_subnet_2",
      "provider": "provider[\"registry.terraform.io/hashicorp/aws\"]",
      "instances": [
        {
          "schema_version": 1,
          "attributes": {
            "arn": "arn:aws:ec2:us-east-1:481824205154:subnet/subnet-07e97c65d00afd220",
            "assign_ipv6_address_on_creation": false,
            "availability_zone": "us-east-1b",
            "availability_zone_id": "use1-az2",
            "cidr_block": "10.0.40.0/24",
            "customer_owned_ipv4_pool": "",
            "enable_dns64": false,
            "enable_lni_at_device_index": 0,
            "enable_resource_name_dns_a_record_on_launch": false,
            "enable_resource_name_dns_aaaa_record_on_launch": false,
            "id": "subnet-07e97c65d00afd220",
            "ipv6_cidr_block": "",
            "ipv6_cidr_block_association_id": "",
            "ipv6_native": false,
            "map_customer_owned_ip_on_launch": false,
            "map_public_ip_on_launch": false,
            "outpost_arn": "",
            "owner_id": "481824205154",
            "private_dns_hostname_type_on_launch": "ip-name",
            "tags": {
              "Name": "Private Subnet 2"
            },
            "tags_all": {
              "Name": "Private Subnet 2"
            },
            "timeouts": null,
            "vpc_id": "vpc-0c76d7e415c95a409"
          },
          "sensitive_attributes": [],
          "private": "eyJlMmJmYjczMC1lY2FhLTExZTYtOGY4OC0zNDM2M2JjN2M0YzAiOnsiY3JlYXRlIjo2MDAwMDAwMDAwMDAsImRlbGV0ZSI6MTIwMDAwMDAwMDAwMH0sInNjaGVtYV92ZXJzaW9uIjoiMSJ9",
          "dependencies": [
            "aws_vpc.zomato_vpc"
          ]
        }
      ]
    },
    {
      "mode": "managed",
      "type": "aws_subnet",
      "name": "public_subnet_1",
      "provider": "provider[\"registry.terraform.io/hashicorp/aws\"]",
      "instances": [
        {
          "schema_version": 1,
          "attributes": {
            "arn": "arn:aws:ec2:us-east-1:481824205154:subnet/subnet-0dd45d35da9a67ba4",
            "assign_ipv6_address_on_creation": false,
            "availability_zone": "us-east-1a",
            "availability_zone_id": "use1-az1",
            "cidr_block": "10.0.10.0/24",
            "customer_owned_ipv4_pool": "",
            "enable_dns64": false,
            "enable_lni_at_device_index": 0,
            "enable_resource_name_dns_a_record_on_launch": false,
            "enable_resource_name_dns_aaaa_record_on_launch": false,
            "id": "subnet-0dd45d35da9a67ba4",
            "ipv6_cidr_block": "",
            "ipv6_cidr_block_association_id": "",
            "ipv6_native": false,
            "map_customer_owned_ip_on_launch": false,
            "map_public_ip_on_launch": true,
            "outpost_arn": "",
            "owner_id": "481824205154",
            "private_dns_hostname_type_on_launch": "ip-name",
            "tags": {
              "Name": "Public Subnet 1"
            },
            "tags_all": {
              "Name": "Public Subnet 1"
            },
            "timeouts": null,
            "vpc_id": "vpc-0c76d7e415c95a409"
          },
          "sensitive_attributes": [],
          "private": "eyJlMmJmYjczMC1lY2FhLTExZTYtOGY4OC0zNDM2M2JjN2M0YzAiOnsiY3JlYXRlIjo2MDAwMDAwMDAwMDAsImRlbGV0ZSI6MTIwMDAwMDAwMDAwMH0sInNjaGVtYV92ZXJzaW9uIjoiMSJ9",
          "dependencies": [
            "aws_vpc.zomato_vpc"
          ]
        }
      ]
    },
    {
      "mode": "managed",
      "type": "aws_subnet",
      "name": "public_subnet_2",
      "provider": "provider[\"registry.terraform.io/hashicorp/aws\"]",
      "instances": [
        {
          "schema_version": 1,
          "attributes": {
            "arn": "arn:aws:ec2:us-east-1:481824205154:subnet/subnet-089db81e34e2d62f0",
            "assign_ipv6_address_on_creation": false,
            "availability_zone": "us-east-1b",
            "availability_zone_id": "use1-az2",
            "cidr_block": "10.0.20.0/24",
            "customer_owned_ipv4_pool": "",
            "enable_dns64": false,
            "enable_lni_at_device_index": 0,
            "enable_resource_name_dns_a_record_on_launch": false,
            "enable_resource_name_dns_aaaa_record_on_launch": false,
            "id": "subnet-089db81e34e2d62f0",
            "ipv6_cidr_block": "",
            "ipv6_cidr_block_association_id": "",
            "ipv6_native": false,
            "map_customer_owned_ip_on_launch": false,
            "map_public_ip_on_launch": true,
            "outpost_arn": "",
            "owner_id": "481824205154",
            "private_dns_hostname_type_on_launch": "ip-name",
            "tags": {
              "Name": "Public Subnet 2"
            },
            "tags_all": {
              "Name": "Public Subnet 2"
            },
            "timeouts": null,
            "vpc_id": "vpc-0c76d7e415c95a409"
          },
          "sensitive_attributes": [],
          "private": "eyJlMmJmYjczMC1lY2FhLTExZTYtOGY4OC0zNDM2M2JjN2M0YzAiOnsiY3JlYXRlIjo2MDAwMDAwMDAwMDAsImRlbGV0ZSI6MTIwMDAwMDAwMDAwMH0sInNjaGVtYV92ZXJzaW9uIjoiMSJ9",
          "dependencies": [
            "aws_vpc.zomato_vpc"
          ]
        }
      ]
    },
    {
      "mode": "managed",
      "type": "aws_vpc",
      "name": "zomato_vpc",
      "provider": "provider[\"registry.terraform.io/hashicorp/aws\"]",
      "instances": [
        {
          "schema_version": 1,
          "attributes": {
            "arn": "arn:aws:ec2:us-east-1:481824205154:vpc/vpc-0c76d7e415c95a409",
            "assign_generated_ipv6_cidr_block": false,
            "cidr_block": "10.0.0.0/16",
            "default_network_acl_id": "acl-0530566340ee04894",
            "default_route_table_id": "rtb-0f96dd3fbfda0207d",
            "default_security_group_id": "sg-01228b9e4715472fe",
            "dhcp_options_id": "dopt-0bfce923761a3b0d8",
            "enable_dns_hostnames": false,
            "enable_dns_support": true,
            "enable_network_address_usage_metrics": false,
            "id": "vpc-0c76d7e415c95a409",
            "instance_tenancy": "default",
            "ipv4_ipam_pool_id": null,
            "ipv4_netmask_length": null,
            "ipv6_association_id": "",
            "ipv6_cidr_block": "",
            "ipv6_cidr_block_network_border_group": "",
            "ipv6_ipam_pool_id": "",
            "ipv6_netmask_length": 0,
            "main_route_table_id": "rtb-0f96dd3fbfda0207d",
            "owner_id": "481824205154",
            "tags": {
              "Name": "Zomato VPC"
            },
            "tags_all": {
              "Name": "Zomato VPC"
            }
          },
          "sensitive_attributes": [],
          "private": "eyJzY2hlbWFfdmVyc2lvbiI6IjEifQ=="
        }
      ]
    },
    {
      "mode": "managed",
      "type": "local_file",
      "name": "private_key",
      "provider": "provider[\"registry.terraform.io/hashicorp/local\"]",
      "instances": [
        {
          "schema_version": 0,
          "attributes": {
            "content": "-----BEGIN RSA PRIVATE KEY-----\nMIIJKQIBAAKCAgEA0/OJtE8AFIE/IGvKNc4dzY+QsFNcgxIL5V88OmKgCdjMELlF\nKsaWR1NZf/20iOu8flL+E/r0n1B1PjsxLCb6/xgQWy4kMcbgsj2Q9q+8cxc3XbBV\nCI1ShVuxKdea34Jg7NQtAWbdtbKOgyWYq6Fsug6TvZZba6l1U4spldLcE6yI+ZCS\nIaXfN0bHbICPtzl1MfgGM/qgXfGMa/J9nmiG/aIov5dVz9TI7CGwRlEX/pvSU64M\nmSJov0PddeNJNwF6lUkAQZnkSAGecxtQlya/UE9DLPAsKOh7+VAHG4JjvjWx8ivX\nXMuzeOudVxX9o1o2mbQxtB4zApKxzFng2WViKwPoypxmmQdA/iURdfIvZkHfhsa4\nmgRddV0UqnDoOI9jD/9GQUZo16E7Ts52/bBlwSQxGnsOCMdrkwUbcMUK5vzAjUMe\not1eCC0SgCvDBW1Frpvc5DJ5TWI9ggdI4hU0iwxvMEbI4HYI4+du5SFJ4fzNGdTR\npJjK7ODCFljdGcYb+Dgv37f1vBaMgP1asA4O5wQ7pXKcUqfp9+OiX4sSlVwwGRgS\ntb7wjFdIeS9TBPYvhF5023M9RlcfphrUO0rmb4CYvBuoCPlAFSL04QI1oqN4/MwY\nQS71ClkISz8Yc09LH2hPff3oZap9RewKYrFlp1OWLTUFBk5xvaL2GvczBbUCAwEA\nAQKCAgBJfHZhpERoV5mOAaFl/1VY+K5XXEfGkAK838Svj5NiZp72K25eUuU2zKDK\n3ilykZ1UhSzfu5KGDCziSz6Uyt0ahfrhykE1Wvl8AxmYVjz2AHYrTyBkay9R2oU1\n9zGUzg0R/8ys4D/9p+9+bBIfa8QZTEWQJaoDzYjG0wizkBzK23bQZH4uGWcnsKwj\nI/3wLoVCMnbgHcTtXXrs0HIacq5fERKkvvE7MlEJgfKupp41okwNxFpM29/KdNq7\nbXbskeAxE1L568P47UrFKRLLnV0WmKy3T3xYIKcfPU6BjLdNcyuDxgyQ+XV79uEi\nGRdMRFKK/y1+gDv6Z+cqbX0mkt6yXl/rCjrBdS6pHPt0YOupLRZHrt0bBq/gvaP7\nxZSPYlbrAO/X9b6Fh0RiPoAwpTAU5cbQMjftXq9psTtQ+2MNLwItn23Hi/lm3q4G\nFwmfKpbrJdqwUXXPPqYyftZ15UK8thDfORnnW6lcw5unlSpDdEd2s+pwsgexHwU3\naHe8CGZh8nfdKvdKtXQoMDvfCz6HRjbe6hFX3kqfj1F/r7uRmh29+XlbGQC5k+We\nfyASgEwVAvGmqlC7/S40aOxlGg3D532YGcngHq6VKsDXGo63df/mxjotd7qheEax\nSxiDazBj8wzknTDTcMHwOrWsM9aJgkoSZnhHhMWrjQbubbcADwKCAQEA2Jliklzi\nGG+TLwX5j64HqcbJXTKNgc3DW8qj5ja0Eh0ovKygocxVonYT1UZZzzPaeZ2kota5\n26Cx4S9gVP/4r25FpPYlYk1jXOXJR1MNatcd1Og0e83MXzl9B8ulgjGotfFDkoki\nxxZTcpfrN2GPDcxjPhFxJJog4JDKgCsYkNcvpRQB+Km+4elgKbhlZAGTXB4WFX3L\nLtTNY/eVRURiXzUoavy+nxYTPiuRuywZhpEMIEOmosp1QqjNxF4w5bFePi1EZpGD\nFj9ulUM0mHtsqy+OmTii7kALoLXT5rCDT9hk4f//HEbN+8MqGtQxcODoVqw5SZj+\n/267kqx5qjfNPwKCAQEA+oG2MTxmXLbnnE64MCTtifr6C9FpLC1yoxxv68cQmsmb\n48oreMkQLdqDLNpIJQhlELV5Sq/C+vK9wbUdoNezsCbKRFrlamzYB3cum6jvU43t\nrTJ1OmloUm7XBnPK81H/Mulp7KcSJYd3kE7dd9k7N6kW2w6ha2jlYxoQ2owK7e/H\nzfjcLXFixOYfQCmEyrIOyF0ieZp1vmvvg6kQ+k/zPEJw7KK5+8N7rT2pitMnHv2G\ns/l/n5CbcRU1sHy4pazIx7CNS4ieVvh5EUBV4I+4MgL5IOMl4kszmvogNrGOsY9v\nCmkS9byaJh+of6lEnmjkRTKuQltcLuf3E6JJHgHMCwKCAQA5evsdvGiD85grsno4\nFwcRlx95DCFhgSmHAo/cWEgRRou5BlbamU9gfdVlk/XhdvFTtPIsBK/uCQcrq1b1\nN7jXVXxF+syQ+diUnqZ7tx6oa84O4lCLSmIiIy97EiAqHOOY5R35lUsVamda0dYq\nLEm6b7MmlZphDEYNUl9rBATQ60pJlLWxN9rgOP68E6NUltZ0a8eQjIGPPAoFrX5/\nk1ZHzeOcANbVgRY6OXXDJkDf5T5CkbF3IiNcPU/d/OEdE6Te+0Rbs+IF1W+TTPJ4\nRMjh5Q0CvHUApR5w19AUOGOgnNyo3TbmWiPv3CsgU4+LVSRTXAEX9vI09z3v/rWK\n5qQhAoIBAQC424OBLdszy916oTSWgomv6r8efXgpG5ie+Vs2GH4OW3xoSkZuKaGA\n1OE79hCLE3jRLbnF/ZHa8cpJ6cdlbAezk8xrSNBHCu8YA0EnqTCC7hdYWgXcBvDu\n89BFeKlpiTbTcR+zfU6M1zzKBwizamCioGq3WEKSKqQrz45kWDewgeNmAaEo/6Ut\nO8wP4xOVKHR0MxY/ulXtIWVsORTIQrtx2m3Okf7A5O6dVwWH5m3WFqySnykorOOo\nPUiTZlY0HB9GDOkXtkdyUoW0z08QGb6JWVxSgozwQyJf2Phwo/Jy4S/F9OgC4xy1\nyWLkYhq68xiQX+fsG9MY4iCYIofmVtklAoIBAQC4dKd+JtboO4ZptthfN9JNuPW+\n5xY0Znz0Ij7kfBr2Y7MZIlZexclHsOodXpyGogEHHAMvryQY8lgBtA/gB8ju2Nf0\nkJYJVFMHy1VXQz2xi4z2gf95FX6brzJBcJlXjkDUng12yhTM+S5czQCDij3Bjc9t\nArHjaBuTRnrQPiQZx2trBNOPcqM8lnkEqS/1sA/eIkZFdm3RZTZWPKzUgzqJ36Ow\nGQ50XrFQHJ5Hc9fBSxyOGgdRfAgVZCQpCwBzwwLl4EM4H1JttIBKG25phiWZ1cGo\n+bH0NWakHFDrVGhBign8xz7iD6eRK7TqMVd3nI+QmhNeBGGNv4aBITM7RTZ3\n-----END RSA PRIVATE KEY-----\n",
            "content_base64": null,
            "content_base64sha256": "JIxeAh3PDfiNGTewnrBrv+5uqqgSA3i2LPB/d/2qh/M=",
            "content_base64sha512": "rOqd3a6ZE/Vuc+HJXK4cG/WaLHY4fY6jwJH58w/U09+hMlwE4NQIaTeJhxKrKHoc+Z2IfuRNm4g31xDfRYXthA==",
            "content_md5": "a139a53b13557f902b5b0ac1b164e85f",
            "content_sha1": "789c1dedc9e5d9ba9ec5030a49fde80e8e33b311",
            "content_sha256": "248c5e021dcf0df88d1937b09eb06bbfee6eaaa8120378b62cf07f77fdaa87f3",
            "content_sha512": "acea9dddae9913f56e73e1c95cae1c1bf59a2c76387d8ea3c091f9f30fd4d3dfa1325c04e0d4086937898712ab287a1cf99d887ee44d9b8837d710df4585ed84",
            "directory_permission": "0777",
            "file_permission": "0400",
            "filename": "generated-key.pem",
            "id": "789c1dedc9e5d9ba9ec5030a49fde80e8e33b311",
            "sensitive_content": null,
            "source": null
          },
          "sensitive_attributes": [
            [
              {
                "type": "get_attr",
                "value": "sensitive_content"
              }
            ],
            [
              {
                "type": "get_attr",
                "value": "content"
              }
            ]
          ],
          "dependencies": [
            "tls_private_key.ssh_key"
          ]
        }
      ]
    },
    {
      "mode": "managed",
      "type": "tls_private_key",
      "name": "ssh_key",
      "provider": "provider[\"registry.terraform.io/hashicorp/tls\"]",
      "instances": [
        {
          "schema_version": 1,
          "attributes": {
            "algorithm": "RSA",
            "ecdsa_curve": "P224",
            "id": "d6ddc0cd7b7980fec9f8c69b755262a6206c9b4a",
            "private_key_openssh": "-----BEGIN OPENSSH PRIVATE KEY-----\nb3BlbnNzaC1rZXktdjEAAAAABG5vbmUAAAAEbm9uZQAAAAAAAAABAAACFwAAAAdz\nc2gtcnNhAAAAAwEAAQAAAgEA0/OJtE8AFIE/IGvKNc4dzY+QsFNcgxIL5V88OmKg\nCdjMELlFKsaWR1NZf/20iOu8flL+E/r0n1B1PjsxLCb6/xgQWy4kMcbgsj2Q9q+8\ncxc3XbBVCI1ShVuxKdea34Jg7NQtAWbdtbKOgyWYq6Fsug6TvZZba6l1U4spldLc\nE6yI+ZCSIaXfN0bHbICPtzl1MfgGM/qgXfGMa/J9nmiG/aIov5dVz9TI7CGwRlEX\n/pvSU64MmSJov0PddeNJNwF6lUkAQZnkSAGecxtQlya/UE9DLPAsKOh7+VAHG4Jj\nvjWx8ivXXMuzeOudVxX9o1o2mbQxtB4zApKxzFng2WViKwPoypxmmQdA/iURdfIv\nZkHfhsa4mgRddV0UqnDoOI9jD/9GQUZo16E7Ts52/bBlwSQxGnsOCMdrkwUbcMUK\n5vzAjUMeot1eCC0SgCvDBW1Frpvc5DJ5TWI9ggdI4hU0iwxvMEbI4HYI4+du5SFJ\n4fzNGdTRpJjK7ODCFljdGcYb+Dgv37f1vBaMgP1asA4O5wQ7pXKcUqfp9+OiX4sS\nlVwwGRgStb7wjFdIeS9TBPYvhF5023M9RlcfphrUO0rmb4CYvBuoCPlAFSL04QI1\noqN4/MwYQS71ClkISz8Yc09LH2hPff3oZap9RewKYrFlp1OWLTUFBk5xvaL2Gvcz\nBbUAAAc4/mV5gf5leYEAAAAHc3NoLXJzYQAAAgEA0/OJtE8AFIE/IGvKNc4dzY+Q\nsFNcgxIL5V88OmKgCdjMELlFKsaWR1NZf/20iOu8flL+E/r0n1B1PjsxLCb6/xgQ\nWy4kMcbgsj2Q9q+8cxc3XbBVCI1ShVuxKdea34Jg7NQtAWbdtbKOgyWYq6Fsug6T\nvZZba6l1U4spldLcE6yI+ZCSIaXfN0bHbICPtzl1MfgGM/qgXfGMa/J9nmiG/aIo\nv5dVz9TI7CGwRlEX/pvSU64MmSJov0PddeNJNwF6lUkAQZnkSAGecxtQlya/UE9D\nLPAsKOh7+VAHG4JjvjWx8ivXXMuzeOudVxX9o1o2mbQxtB4zApKxzFng2WViKwPo\nypxmmQdA/iURdfIvZkHfhsa4mgRddV0UqnDoOI9jD/9GQUZo16E7Ts52/bBlwSQx\nGnsOCMdrkwUbcMUK5vzAjUMeot1eCC0SgCvDBW1Frpvc5DJ5TWI9ggdI4hU0iwxv\nMEbI4HYI4+du5SFJ4fzNGdTRpJjK7ODCFljdGcYb+Dgv37f1vBaMgP1asA4O5wQ7\npXKcUqfp9+OiX4sSlVwwGRgStb7wjFdIeS9TBPYvhF5023M9RlcfphrUO0rmb4CY\nvBuoCPlAFSL04QI1oqN4/MwYQS71ClkISz8Yc09LH2hPff3oZap9RewKYrFlp1OW\nLTUFBk5xvaL2GvczBbUAAAADAQABAAACAEl8dmGkRGhXmY4BoWX/VVj4rldcR8aQ\nArzfxK+Pk2JmnvYrbl5S5TbMoMreKXKRnVSFLN+7koYMLOJLPpTK3RqF+uHKQTVa\n+XwDGZhWPPYAditPIGRrL1HahTX3MZTODRH/zKzgP/2n735sEh9rxBlMRZAlqgPN\niMbTCLOQHMrbdtBkfi4ZZyewrCMj/fAuhUIyduAdxO1deuzQchpyrl8REqS+8Tsy\nUQmB8q6mnjWiTA3EWkzb38p02rttduyR4DETUvnrw/jtSsUpEsudXRaYrLdPfFgg\npx89ToGMt01zK4PGDJD5dXv24SIZF0xEUor/LX6AO/pn5yptfSaS3rJeX+sKOsF1\nLqkc+3Rg66ktFkeu3RsGr+C9o/vFlI9iVusA79f1voWHRGI+gDClMBTlxtAyN+1e\nr2mxO1D7Yw0vAi2fbceL+WbergYXCZ8qlusl2rBRdc8+pjJ+1nXlQry2EN85Gedb\nqVzDm6eVKkN0R3az6nCyB7EfBTdod7wIZmHyd90q90q1dCgwO98LPodGNt7qEVfe\nSp+PUX+vu5GaHb35eVsZALmT5Z5/IBKATBUC8aaqULv9LjRo7GUaDcPnfZgZyeAe\nrpUqwNcajrd1/+bGOi13uqF4RrFLGINrMGPzDOSdMNNwwfA6tawz1omCShJmeEeE\nxauNBu5ttwAPAAABAQC4dKd+JtboO4ZptthfN9JNuPW+5xY0Znz0Ij7kfBr2Y7MZ\nIlZexclHsOodXpyGogEHHAMvryQY8lgBtA/gB8ju2Nf0kJYJVFMHy1VXQz2xi4z2\ngf95FX6brzJBcJlXjkDUng12yhTM+S5czQCDij3Bjc9tArHjaBuTRnrQPiQZx2tr\nBNOPcqM8lnkEqS/1sA/eIkZFdm3RZTZWPKzUgzqJ36OwGQ50XrFQHJ5Hc9fBSxyO\nGgdRfAgVZCQpCwBzwwLl4EM4H1JttIBKG25phiWZ1cGo+bH0NWakHFDrVGhBign8\nxz7iD6eRK7TqMVd3nI+QmhNeBGGNv4aBITM7RTZ3AAABAQDYmWKSXOIYb5MvBfmP\nrgepxsldMo2BzcNbyqPmNrQSHSi8rKChzFWidhPVRlnPM9p5naSi1rnboLHhL2BU\n//ivbkWk9iViTWNc5clHUw1q1x3U6DR7zcxfOX0Hy6WCMai18UOSiSLHFlNyl+s3\nYY8NzGM+EXEkmiDgkMqAKxiQ1y+lFAH4qb7h6WApuGVkAZNcHhYVfcsu1M1j95VF\nRGJfNShq/L6fFhM+K5G7LBmGkQwgQ6aiynVCqM3EXjDlsV4+LURmkYMWP26VQzSY\ne2yrL46ZOKLuQAugtdPmsINP2GTh//8cRs37wyoa1DFw4OhWrDlJmP7/bruSrHmq\nN80/AAABAQD6gbYxPGZctuecTrgwJO2J+voL0WksLXKjHG/rxxCayZvjyit4yRAt\n2oMs2kglCGUQtXlKr8L68r3BtR2g17OwJspEWuVqbNgHdy6bqO9Tje2tMnU6aWhS\nbtcGc8rzUf8y6WnspxIlh3eQTt132Ts3qRbbDqFraOVjGhDajArt78fN+NwtcWLE\n5h9AKYTKsg7IXSJ5mnW+a++DqRD6T/M8QnDsorn7w3utPamK0yce/Yaz+X+fkJtx\nFTWwfLilrMjHsI1LiJ5W+HkRQFXgj7gyAvkg4yXiSzOa+iA2sY6xj28KaRL1vJom\nH6h/qUSeaORFMq5CW1wu5/cTokkeAcwLAAAAAAEC\n-----END OPENSSH PRIVATE KEY-----\n",
            "private_key_pem": "-----BEGIN RSA PRIVATE KEY-----\nMIIJKQIBAAKCAgEA0/OJtE8AFIE/IGvKNc4dzY+QsFNcgxIL5V88OmKgCdjMELlF\nKsaWR1NZf/20iOu8flL+E/r0n1B1PjsxLCb6/xgQWy4kMcbgsj2Q9q+8cxc3XbBV\nCI1ShVuxKdea34Jg7NQtAWbdtbKOgyWYq6Fsug6TvZZba6l1U4spldLcE6yI+ZCS\nIaXfN0bHbICPtzl1MfgGM/qgXfGMa/J9nmiG/aIov5dVz9TI7CGwRlEX/pvSU64M\nmSJov0PddeNJNwF6lUkAQZnkSAGecxtQlya/UE9DLPAsKOh7+VAHG4JjvjWx8ivX\nXMuzeOudVxX9o1o2mbQxtB4zApKxzFng2WViKwPoypxmmQdA/iURdfIvZkHfhsa4\nmgRddV0UqnDoOI9jD/9GQUZo16E7Ts52/bBlwSQxGnsOCMdrkwUbcMUK5vzAjUMe\not1eCC0SgCvDBW1Frpvc5DJ5TWI9ggdI4hU0iwxvMEbI4HYI4+du5SFJ4fzNGdTR\npJjK7ODCFljdGcYb+Dgv37f1vBaMgP1asA4O5wQ7pXKcUqfp9+OiX4sSlVwwGRgS\ntb7wjFdIeS9TBPYvhF5023M9RlcfphrUO0rmb4CYvBuoCPlAFSL04QI1oqN4/MwY\nQS71ClkISz8Yc09LH2hPff3oZap9RewKYrFlp1OWLTUFBk5xvaL2GvczBbUCAwEA\nAQKCAgBJfHZhpERoV5mOAaFl/1VY+K5XXEfGkAK838Svj5NiZp72K25eUuU2zKDK\n3ilykZ1UhSzfu5KGDCziSz6Uyt0ahfrhykE1Wvl8AxmYVjz2AHYrTyBkay9R2oU1\n9zGUzg0R/8ys4D/9p+9+bBIfa8QZTEWQJaoDzYjG0wizkBzK23bQZH4uGWcnsKwj\nI/3wLoVCMnbgHcTtXXrs0HIacq5fERKkvvE7MlEJgfKupp41okwNxFpM29/KdNq7\nbXbskeAxE1L568P47UrFKRLLnV0WmKy3T3xYIKcfPU6BjLdNcyuDxgyQ+XV79uEi\nGRdMRFKK/y1+gDv6Z+cqbX0mkt6yXl/rCjrBdS6pHPt0YOupLRZHrt0bBq/gvaP7\nxZSPYlbrAO/X9b6Fh0RiPoAwpTAU5cbQMjftXq9psTtQ+2MNLwItn23Hi/lm3q4G\nFwmfKpbrJdqwUXXPPqYyftZ15UK8thDfORnnW6lcw5unlSpDdEd2s+pwsgexHwU3\naHe8CGZh8nfdKvdKtXQoMDvfCz6HRjbe6hFX3kqfj1F/r7uRmh29+XlbGQC5k+We\nfyASgEwVAvGmqlC7/S40aOxlGg3D532YGcngHq6VKsDXGo63df/mxjotd7qheEax\nSxiDazBj8wzknTDTcMHwOrWsM9aJgkoSZnhHhMWrjQbubbcADwKCAQEA2Jliklzi\nGG+TLwX5j64HqcbJXTKNgc3DW8qj5ja0Eh0ovKygocxVonYT1UZZzzPaeZ2kota5\n26Cx4S9gVP/4r25FpPYlYk1jXOXJR1MNatcd1Og0e83MXzl9B8ulgjGotfFDkoki\nxxZTcpfrN2GPDcxjPhFxJJog4JDKgCsYkNcvpRQB+Km+4elgKbhlZAGTXB4WFX3L\nLtTNY/eVRURiXzUoavy+nxYTPiuRuywZhpEMIEOmosp1QqjNxF4w5bFePi1EZpGD\nFj9ulUM0mHtsqy+OmTii7kALoLXT5rCDT9hk4f//HEbN+8MqGtQxcODoVqw5SZj+\n/267kqx5qjfNPwKCAQEA+oG2MTxmXLbnnE64MCTtifr6C9FpLC1yoxxv68cQmsmb\n48oreMkQLdqDLNpIJQhlELV5Sq/C+vK9wbUdoNezsCbKRFrlamzYB3cum6jvU43t\nrTJ1OmloUm7XBnPK81H/Mulp7KcSJYd3kE7dd9k7N6kW2w6ha2jlYxoQ2owK7e/H\nzfjcLXFixOYfQCmEyrIOyF0ieZp1vmvvg6kQ+k/zPEJw7KK5+8N7rT2pitMnHv2G\ns/l/n5CbcRU1sHy4pazIx7CNS4ieVvh5EUBV4I+4MgL5IOMl4kszmvogNrGOsY9v\nCmkS9byaJh+of6lEnmjkRTKuQltcLuf3E6JJHgHMCwKCAQA5evsdvGiD85grsno4\nFwcRlx95DCFhgSmHAo/cWEgRRou5BlbamU9gfdVlk/XhdvFTtPIsBK/uCQcrq1b1\nN7jXVXxF+syQ+diUnqZ7tx6oa84O4lCLSmIiIy97EiAqHOOY5R35lUsVamda0dYq\nLEm6b7MmlZphDEYNUl9rBATQ60pJlLWxN9rgOP68E6NUltZ0a8eQjIGPPAoFrX5/\nk1ZHzeOcANbVgRY6OXXDJkDf5T5CkbF3IiNcPU/d/OEdE6Te+0Rbs+IF1W+TTPJ4\nRMjh5Q0CvHUApR5w19AUOGOgnNyo3TbmWiPv3CsgU4+LVSRTXAEX9vI09z3v/rWK\n5qQhAoIBAQC424OBLdszy916oTSWgomv6r8efXgpG5ie+Vs2GH4OW3xoSkZuKaGA\n1OE79hCLE3jRLbnF/ZHa8cpJ6cdlbAezk8xrSNBHCu8YA0EnqTCC7hdYWgXcBvDu\n89BFeKlpiTbTcR+zfU6M1zzKBwizamCioGq3WEKSKqQrz45kWDewgeNmAaEo/6Ut\nO8wP4xOVKHR0MxY/ulXtIWVsORTIQrtx2m3Okf7A5O6dVwWH5m3WFqySnykorOOo\nPUiTZlY0HB9GDOkXtkdyUoW0z08QGb6JWVxSgozwQyJf2Phwo/Jy4S/F9OgC4xy1\nyWLkYhq68xiQX+fsG9MY4iCYIofmVtklAoIBAQC4dKd+JtboO4ZptthfN9JNuPW+\n5xY0Znz0Ij7kfBr2Y7MZIlZexclHsOodXpyGogEHHAMvryQY8lgBtA/gB8ju2Nf0\nkJYJVFMHy1VXQz2xi4z2gf95FX6brzJBcJlXjkDUng12yhTM+S5czQCDij3Bjc9t\nArHjaBuTRnrQPiQZx2trBNOPcqM8lnkEqS/1sA/eIkZFdm3RZTZWPKzUgzqJ36Ow\nGQ50XrFQHJ5Hc9fBSxyOGgdRfAgVZCQpCwBzwwLl4EM4H1JttIBKG25phiWZ1cGo\n+bH0NWakHFDrVGhBign8xz7iD6eRK7TqMVd3nI+QmhNeBGGNv4aBITM7RTZ3\n-----END RSA PRIVATE KEY-----\n",
            "private_key_pem_pkcs8": "-----BEGIN PRIVATE KEY-----\nMIIJQwIBADANBgkqhkiG9w0BAQEFAASCCS0wggkpAgEAAoICAQDT84m0TwAUgT8g\na8o1zh3Nj5CwU1yDEgvlXzw6YqAJ2MwQuUUqxpZHU1l//bSI67x+Uv4T+vSfUHU+\nOzEsJvr/GBBbLiQxxuCyPZD2r7xzFzddsFUIjVKFW7Ep15rfgmDs1C0BZt21so6D\nJZiroWy6DpO9lltrqXVTiymV0twTrIj5kJIhpd83RsdsgI+3OXUx+AYz+qBd8Yxr\n8n2eaIb9oii/l1XP1MjsIbBGURf+m9JTrgyZImi/Q91140k3AXqVSQBBmeRIAZ5z\nG1CXJr9QT0Ms8Cwo6Hv5UAcbgmO+NbHyK9dcy7N4651XFf2jWjaZtDG0HjMCkrHM\nWeDZZWIrA+jKnGaZB0D+JRF18i9mQd+GxriaBF11XRSqcOg4j2MP/0ZBRmjXoTtO\nznb9sGXBJDEaew4Ix2uTBRtwxQrm/MCNQx6i3V4ILRKAK8MFbUWum9zkMnlNYj2C\nB0jiFTSLDG8wRsjgdgjj527lIUnh/M0Z1NGkmMrs4MIWWN0Zxhv4OC/ft/W8FoyA\n/VqwDg7nBDulcpxSp+n346JfixKVXDAZGBK1vvCMV0h5L1ME9i+EXnTbcz1GVx+m\nGtQ7SuZvgJi8G6gI+UAVIvThAjWio3j8zBhBLvUKWQhLPxhzT0sfaE99/ehlqn1F\n7ApisWWnU5YtNQUGTnG9ovYa9zMFtQIDAQABAoICAEl8dmGkRGhXmY4BoWX/VVj4\nrldcR8aQArzfxK+Pk2JmnvYrbl5S5TbMoMreKXKRnVSFLN+7koYMLOJLPpTK3RqF\n+uHKQTVa+XwDGZhWPPYAditPIGRrL1HahTX3MZTODRH/zKzgP/2n735sEh9rxBlM\nRZAlqgPNiMbTCLOQHMrbdtBkfi4ZZyewrCMj/fAuhUIyduAdxO1deuzQchpyrl8R\nEqS+8TsyUQmB8q6mnjWiTA3EWkzb38p02rttduyR4DETUvnrw/jtSsUpEsudXRaY\nrLdPfFggpx89ToGMt01zK4PGDJD5dXv24SIZF0xEUor/LX6AO/pn5yptfSaS3rJe\nX+sKOsF1Lqkc+3Rg66ktFkeu3RsGr+C9o/vFlI9iVusA79f1voWHRGI+gDClMBTl\nxtAyN+1er2mxO1D7Yw0vAi2fbceL+WbergYXCZ8qlusl2rBRdc8+pjJ+1nXlQry2\nEN85GedbqVzDm6eVKkN0R3az6nCyB7EfBTdod7wIZmHyd90q90q1dCgwO98LPodG\nNt7qEVfeSp+PUX+vu5GaHb35eVsZALmT5Z5/IBKATBUC8aaqULv9LjRo7GUaDcPn\nfZgZyeAerpUqwNcajrd1/+bGOi13uqF4RrFLGINrMGPzDOSdMNNwwfA6tawz1omC\nShJmeEeExauNBu5ttwAPAoIBAQDYmWKSXOIYb5MvBfmPrgepxsldMo2BzcNbyqPm\nNrQSHSi8rKChzFWidhPVRlnPM9p5naSi1rnboLHhL2BU//ivbkWk9iViTWNc5clH\nUw1q1x3U6DR7zcxfOX0Hy6WCMai18UOSiSLHFlNyl+s3YY8NzGM+EXEkmiDgkMqA\nKxiQ1y+lFAH4qb7h6WApuGVkAZNcHhYVfcsu1M1j95VFRGJfNShq/L6fFhM+K5G7\nLBmGkQwgQ6aiynVCqM3EXjDlsV4+LURmkYMWP26VQzSYe2yrL46ZOKLuQAugtdPm\nsINP2GTh//8cRs37wyoa1DFw4OhWrDlJmP7/bruSrHmqN80/AoIBAQD6gbYxPGZc\ntuecTrgwJO2J+voL0WksLXKjHG/rxxCayZvjyit4yRAt2oMs2kglCGUQtXlKr8L6\n8r3BtR2g17OwJspEWuVqbNgHdy6bqO9Tje2tMnU6aWhSbtcGc8rzUf8y6WnspxIl\nh3eQTt132Ts3qRbbDqFraOVjGhDajArt78fN+NwtcWLE5h9AKYTKsg7IXSJ5mnW+\na++DqRD6T/M8QnDsorn7w3utPamK0yce/Yaz+X+fkJtxFTWwfLilrMjHsI1LiJ5W\n+HkRQFXgj7gyAvkg4yXiSzOa+iA2sY6xj28KaRL1vJomH6h/qUSeaORFMq5CW1wu\n5/cTokkeAcwLAoIBADl6+x28aIPzmCuyejgXBxGXH3kMIWGBKYcCj9xYSBFGi7kG\nVtqZT2B91WWT9eF28VO08iwEr+4JByurVvU3uNdVfEX6zJD52JSepnu3Hqhrzg7i\nUItKYiIjL3sSICoc45jlHfmVSxVqZ1rR1iosSbpvsyaVmmEMRg1SX2sEBNDrSkmU\ntbE32uA4/rwTo1SW1nRrx5CMgY88CgWtfn+TVkfN45wA1tWBFjo5dcMmQN/lPkKR\nsXciI1w9T9384R0TpN77RFuz4gXVb5NM8nhEyOHlDQK8dQClHnDX0BQ4Y6Cc3Kjd\nNuZaI+/cKyBTj4tVJFNcARf28jT3Pe/+tYrmpCECggEBALjbg4Et2zPL3XqhNJaC\nia/qvx59eCkbmJ75WzYYfg5bfGhKRm4poYDU4Tv2EIsTeNEtucX9kdrxyknpx2Vs\nB7OTzGtI0EcK7xgDQSepMILuF1haBdwG8O7z0EV4qWmJNtNxH7N9TozXPMoHCLNq\nYKKgardYQpIqpCvPjmRYN7CB42YBoSj/pS07zA/jE5UodHQzFj+6Ve0hZWw5FMhC\nu3Habc6R/sDk7p1XBYfmbdYWrJKfKSis46g9SJNmVjQcH0YM6Re2R3JShbTPTxAZ\nvolZXFKCjPBDIl/Y+HCj8nLhL8X06ALjHLXJYuRiGrrzGJBf5+wb0xjiIJgih+ZW\n2SUCggEBALh0p34m1ug7hmm22F830k249b7nFjRmfPQiPuR8GvZjsxkiVl7FyUew\n6h1enIaiAQccAy+vJBjyWAG0D+AHyO7Y1/SQlglUUwfLVVdDPbGLjPaB/3kVfpuv\nMkFwmVeOQNSeDXbKFMz5LlzNAIOKPcGNz20CseNoG5NGetA+JBnHa2sE049yozyW\neQSpL/WwD94iRkV2bdFlNlY8rNSDOonfo7AZDnResVAcnkdz18FLHI4aB1F8CBVk\nJCkLAHPDAuXgQzgfUm20gEobbmmGJZnVwaj5sfQ1ZqQcUOtUaEGKCfzHPuIPp5Er\ntOoxV3ecj5CaE14EYY2/hoEhMztFNnc=\n-----END PRIVATE KEY-----\n",
            "public_key_fingerprint_md5": "64:03:8c:f9:03:ff:4e:45:c7:ea:a0:71:04:ac:e4:4a",
            "public_key_fingerprint_sha256": "SHA256:mMwo9bWYFOu3hcrZ1OvB002fTuUu5S6fEXP2fQwMbvw",
            "public_key_openssh": "ssh-rsa AAAAB3NzaC1yc2EAAAADAQABAAACAQDT84m0TwAUgT8ga8o1zh3Nj5CwU1yDEgvlXzw6YqAJ2MwQuUUqxpZHU1l//bSI67x+Uv4T+vSfUHU+OzEsJvr/GBBbLiQxxuCyPZD2r7xzFzddsFUIjVKFW7Ep15rfgmDs1C0BZt21so6DJZiroWy6DpO9lltrqXVTiymV0twTrIj5kJIhpd83RsdsgI+3OXUx+AYz+qBd8Yxr8n2eaIb9oii/l1XP1MjsIbBGURf+m9JTrgyZImi/Q91140k3AXqVSQBBmeRIAZ5zG1CXJr9QT0Ms8Cwo6Hv5UAcbgmO+NbHyK9dcy7N4651XFf2jWjaZtDG0HjMCkrHMWeDZZWIrA+jKnGaZB0D+JRF18i9mQd+GxriaBF11XRSqcOg4j2MP/0ZBRmjXoTtOznb9sGXBJDEaew4Ix2uTBRtwxQrm/MCNQx6i3V4ILRKAK8MFbUWum9zkMnlNYj2CB0jiFTSLDG8wRsjgdgjj527lIUnh/M0Z1NGkmMrs4MIWWN0Zxhv4OC/ft/W8FoyA/VqwDg7nBDulcpxSp+n346JfixKVXDAZGBK1vvCMV0h5L1ME9i+EXnTbcz1GVx+mGtQ7SuZvgJi8G6gI+UAVIvThAjWio3j8zBhBLvUKWQhLPxhzT0sfaE99/ehlqn1F7ApisWWnU5YtNQUGTnG9ovYa9zMFtQ==\n",
            "public_key_pem": "-----BEGIN PUBLIC KEY-----\nMIICIjANBgkqhkiG9w0BAQEFAAOCAg8AMIICCgKCAgEA0/OJtE8AFIE/IGvKNc4d\nzY+QsFNcgxIL5V88OmKgCdjMELlFKsaWR1NZf/20iOu8flL+E/r0n1B1PjsxLCb6\n/xgQWy4kMcbgsj2Q9q+8cxc3XbBVCI1ShVuxKdea34Jg7NQtAWbdtbKOgyWYq6Fs\nug6TvZZba6l1U4spldLcE6yI+ZCSIaXfN0bHbICPtzl1MfgGM/qgXfGMa/J9nmiG\n/aIov5dVz9TI7CGwRlEX/pvSU64MmSJov0PddeNJNwF6lUkAQZnkSAGecxtQlya/\nUE9DLPAsKOh7+VAHG4JjvjWx8ivXXMuzeOudVxX9o1o2mbQxtB4zApKxzFng2WVi\nKwPoypxmmQdA/iURdfIvZkHfhsa4mgRddV0UqnDoOI9jD/9GQUZo16E7Ts52/bBl\nwSQxGnsOCMdrkwUbcMUK5vzAjUMeot1eCC0SgCvDBW1Frpvc5DJ5TWI9ggdI4hU0\niwxvMEbI4HYI4+du5SFJ4fzNGdTRpJjK7ODCFljdGcYb+Dgv37f1vBaMgP1asA4O\n5wQ7pXKcUqfp9+OiX4sSlVwwGRgStb7wjFdIeS9TBPYvhF5023M9RlcfphrUO0rm\nb4CYvBuoCPlAFSL04QI1oqN4/MwYQS71ClkISz8Yc09LH2hPff3oZap9RewKYrFl\np1OWLTUFBk5xvaL2GvczBbUCAwEAAQ==\n-----END PUBLIC KEY-----\n",
            "rsa_bits": 4096
          },
          "sensitive_attributes": [
            [
              {
                "type": "get_attr",
                "value": "private_key_pem"
              }
            ],
            [
              {
                "type": "get_attr",
                "value": "private_key_pem_pkcs8"
              }
            ],
            [
              {
                "type": "get_attr",
                "value": "private_key_openssh"
              }
            ]
          ]
        }
      ]
    }
  ],
  "check_results": null
}
